// !$*UTF8*$!
{
	archiveVersion = 1;
	classes = {
	};
	objectVersion = 46;
	objects = {

/* Begin PBXBuildFile section */
		C313EFB7197C8F300081231C /* Foundation.framework in Frameworks */ = {isa = PBXBuildFile; fileRef = C313EFB6197C8F300081231C /* Foundation.framework */; };
		C313EFB9197C8F300081231C /* CoreGraphics.framework in Frameworks */ = {isa = PBXBuildFile; fileRef = C313EFB8197C8F300081231C /* CoreGraphics.framework */; };
		C313EFBB197C8F300081231C /* UIKit.framework in Frameworks */ = {isa = PBXBuildFile; fileRef = C313EFBA197C8F300081231C /* UIKit.framework */; };
		C313EFC1197C8F300081231C /* InfoPlist.strings in Resources */ = {isa = PBXBuildFile; fileRef = C313EFBF197C8F300081231C /* InfoPlist.strings */; };
		C313EFC3197C8F300081231C /* main.m in Sources */ = {isa = PBXBuildFile; fileRef = C313EFC2197C8F300081231C /* main.m */; };
		C313EFC7197C8F300081231C /* LoginAppDelegate.m in Sources */ = {isa = PBXBuildFile; fileRef = C313EFC6197C8F300081231C /* LoginAppDelegate.m */; };
		C313EFCA197C8F300081231C /* Main.storyboard in Resources */ = {isa = PBXBuildFile; fileRef = C313EFC8197C8F300081231C /* Main.storyboard */; };
		C313EFCD197C8F300081231C /* LoginViewController.m in Sources */ = {isa = PBXBuildFile; fileRef = C313EFCC197C8F300081231C /* LoginViewController.m */; };
		C313EFCF197C8F300081231C /* Images.xcassets in Resources */ = {isa = PBXBuildFile; fileRef = C313EFCE197C8F300081231C /* Images.xcassets */; };
		C313EFD6197C8F300081231C /* XCTest.framework in Frameworks */ = {isa = PBXBuildFile; fileRef = C313EFD5197C8F300081231C /* XCTest.framework */; };
		C313EFD7197C8F300081231C /* Foundation.framework in Frameworks */ = {isa = PBXBuildFile; fileRef = C313EFB6197C8F300081231C /* Foundation.framework */; };
		C313EFD8197C8F300081231C /* UIKit.framework in Frameworks */ = {isa = PBXBuildFile; fileRef = C313EFBA197C8F300081231C /* UIKit.framework */; };
		C313EFE0197C8F300081231C /* InfoPlist.strings in Resources */ = {isa = PBXBuildFile; fileRef = C313EFDE197C8F300081231C /* InfoPlist.strings */; };
		C313EFE2197C8F300081231C /* hunter_iOSTests.m in Sources */ = {isa = PBXBuildFile; fileRef = C313EFE1197C8F300081231C /* hunter_iOSTests.m */; };
/* End PBXBuildFile section */

/* Begin PBXContainerItemProxy section */
		C313EFD9197C8F300081231C /* PBXContainerItemProxy */ = {
			isa = PBXContainerItemProxy;
			containerPortal = C313EFAB197C8F300081231C /* Project object */;
			proxyType = 1;
			remoteGlobalIDString = C313EFB2197C8F300081231C;
			remoteInfo = "hunter-iOS";
		};
/* End PBXContainerItemProxy section */

/* Begin PBXFileReference section */
		C313EFB3197C8F300081231C /* hunter-iOS.app */ = {isa = PBXFileReference; explicitFileType = wrapper.application; includeInIndex = 0; path = "hunter-iOS.app"; sourceTree = BUILT_PRODUCTS_DIR; };
		C313EFB6197C8F300081231C /* Foundation.framework */ = {isa = PBXFileReference; lastKnownFileType = wrapper.framework; name = Foundation.framework; path = System/Library/Frameworks/Foundation.framework; sourceTree = SDKROOT; };
		C313EFB8197C8F300081231C /* CoreGraphics.framework */ = {isa = PBXFileReference; lastKnownFileType = wrapper.framework; name = CoreGraphics.framework; path = System/Library/Frameworks/CoreGraphics.framework; sourceTree = SDKROOT; };
		C313EFBA197C8F300081231C /* UIKit.framework */ = {isa = PBXFileReference; lastKnownFileType = wrapper.framework; name = UIKit.framework; path = System/Library/Frameworks/UIKit.framework; sourceTree = SDKROOT; };
		C313EFBE197C8F300081231C /* hunter-iOS-Info.plist */ = {isa = PBXFileReference; lastKnownFileType = text.plist.xml; path = "hunter-iOS-Info.plist"; sourceTree = "<group>"; };
		C313EFC0197C8F300081231C /* en */ = {isa = PBXFileReference; lastKnownFileType = text.plist.strings; name = en; path = en.lproj/InfoPlist.strings; sourceTree = "<group>"; };
		C313EFC2197C8F300081231C /* main.m */ = {isa = PBXFileReference; lastKnownFileType = sourcecode.c.objc; path = main.m; sourceTree = "<group>"; };
		C313EFC4197C8F300081231C /* hunter-iOS-Prefix.pch */ = {isa = PBXFileReference; lastKnownFileType = sourcecode.c.h; path = "hunter-iOS-Prefix.pch"; sourceTree = "<group>"; };
		C313EFC5197C8F300081231C /* LoginAppDelegate.h */ = {isa = PBXFileReference; lastKnownFileType = sourcecode.c.h; path = LoginAppDelegate.h; sourceTree = "<group>"; };
		C313EFC6197C8F300081231C /* LoginAppDelegate.m */ = {isa = PBXFileReference; lastKnownFileType = sourcecode.c.objc; path = LoginAppDelegate.m; sourceTree = "<group>"; };
		C313EFC9197C8F300081231C /* Base */ = {isa = PBXFileReference; lastKnownFileType = file.storyboard; name = Base; path = Base.lproj/Main.storyboard; sourceTree = "<group>"; };
		C313EFCB197C8F300081231C /* LoginViewController.h */ = {isa = PBXFileReference; lastKnownFileType = sourcecode.c.h; path = LoginViewController.h; sourceTree = "<group>"; };
		C313EFCC197C8F300081231C /* LoginViewController.m */ = {isa = PBXFileReference; lastKnownFileType = sourcecode.c.objc; path = LoginViewController.m; sourceTree = "<group>"; };
		C313EFCE197C8F300081231C /* Images.xcassets */ = {isa = PBXFileReference; lastKnownFileType = folder.assetcatalog; path = Images.xcassets; sourceTree = "<group>"; };
		C313EFD4197C8F300081231C /* hunter-iOSTests.xctest */ = {isa = PBXFileReference; explicitFileType = wrapper.cfbundle; includeInIndex = 0; path = "hunter-iOSTests.xctest"; sourceTree = BUILT_PRODUCTS_DIR; };
		C313EFD5197C8F300081231C /* XCTest.framework */ = {isa = PBXFileReference; lastKnownFileType = wrapper.framework; name = XCTest.framework; path = Library/Frameworks/XCTest.framework; sourceTree = DEVELOPER_DIR; };
		C313EFDD197C8F300081231C /* hunter-iOSTests-Info.plist */ = {isa = PBXFileReference; lastKnownFileType = text.plist.xml; path = "hunter-iOSTests-Info.plist"; sourceTree = "<group>"; };
		C313EFDF197C8F300081231C /* en */ = {isa = PBXFileReference; lastKnownFileType = text.plist.strings; name = en; path = en.lproj/InfoPlist.strings; sourceTree = "<group>"; };
		C313EFE1197C8F300081231C /* hunter_iOSTests.m */ = {isa = PBXFileReference; lastKnownFileType = sourcecode.c.objc; path = hunter_iOSTests.m; sourceTree = "<group>"; };
/* End PBXFileReference section */

/* Begin PBXFrameworksBuildPhase section */
		C313EFB0197C8F300081231C /* Frameworks */ = {
			isa = PBXFrameworksBuildPhase;
			buildActionMask = 2147483647;
			files = (
				C313EFB9197C8F300081231C /* CoreGraphics.framework in Frameworks */,
				C313EFBB197C8F300081231C /* UIKit.framework in Frameworks */,
				C313EFB7197C8F300081231C /* Foundation.framework in Frameworks */,
			);
			runOnlyForDeploymentPostprocessing = 0;
		};
		C313EFD1197C8F300081231C /* Frameworks */ = {
			isa = PBXFrameworksBuildPhase;
			buildActionMask = 2147483647;
			files = (
				C313EFD6197C8F300081231C /* XCTest.framework in Frameworks */,
				C313EFD8197C8F300081231C /* UIKit.framework in Frameworks */,
				C313EFD7197C8F300081231C /* Foundation.framework in Frameworks */,
			);
			runOnlyForDeploymentPostprocessing = 0;
		};
/* End PBXFrameworksBuildPhase section */

/* Begin PBXGroup section */
		C313EFAA197C8F300081231C = {
			isa = PBXGroup;
			children = (
				C313EFBC197C8F300081231C /* hunter-iOS */,
				C313EFDB197C8F300081231C /* hunter-iOSTests */,
				C313EFB5197C8F300081231C /* Frameworks */,
				C313EFB4197C8F300081231C /* Products */,
			);
			sourceTree = "<group>";
		};
		C313EFB4197C8F300081231C /* Products */ = {
			isa = PBXGroup;
			children = (
				C313EFB3197C8F300081231C /* hunter-iOS.app */,
				C313EFD4197C8F300081231C /* hunter-iOSTests.xctest */,
			);
			name = Products;
			sourceTree = "<group>";
		};
		C313EFB5197C8F300081231C /* Frameworks */ = {
			isa = PBXGroup;
			children = (
				C313EFB6197C8F300081231C /* Foundation.framework */,
				C313EFB8197C8F300081231C /* CoreGraphics.framework */,
				C313EFBA197C8F300081231C /* UIKit.framework */,
				C313EFD5197C8F300081231C /* XCTest.framework */,
			);
			name = Frameworks;
			sourceTree = "<group>";
		};
		C313EFBC197C8F300081231C /* hunter-iOS */ = {
			isa = PBXGroup;
			children = (
				C313EFC5197C8F300081231C /* LoginAppDelegate.h */,
				C313EFC6197C8F300081231C /* LoginAppDelegate.m */,
				C313EFC8197C8F300081231C /* Main.storyboard */,
				C313EFCB197C8F300081231C /* LoginViewController.h */,
				C313EFCC197C8F300081231C /* LoginViewController.m */,
				C313EFCE197C8F300081231C /* Images.xcassets */,
				C313EFBD197C8F300081231C /* Supporting Files */,
			);
			path = "hunter-iOS";
			sourceTree = "<group>";
		};
		C313EFBD197C8F300081231C /* Supporting Files */ = {
			isa = PBXGroup;
			children = (
				C313EFBE197C8F300081231C /* hunter-iOS-Info.plist */,
				C313EFBF197C8F300081231C /* InfoPlist.strings */,
				C313EFC2197C8F300081231C /* main.m */,
				C313EFC4197C8F300081231C /* hunter-iOS-Prefix.pch */,
			);
			name = "Supporting Files";
			sourceTree = "<group>";
		};
		C313EFDB197C8F300081231C /* hunter-iOSTests */ = {
			isa = PBXGroup;
			children = (
				C313EFE1197C8F300081231C /* hunter_iOSTests.m */,
				C313EFDC197C8F300081231C /* Supporting Files */,
			);
			path = "hunter-iOSTests";
			sourceTree = "<group>";
		};
		C313EFDC197C8F300081231C /* Supporting Files */ = {
			isa = PBXGroup;
			children = (
				C313EFDD197C8F300081231C /* hunter-iOSTests-Info.plist */,
				C313EFDE197C8F300081231C /* InfoPlist.strings */,
			);
			name = "Supporting Files";
			sourceTree = "<group>";
		};
/* End PBXGroup section */

/* Begin PBXNativeTarget section */
		C313EFB2197C8F300081231C /* hunter-iOS */ = {
			isa = PBXNativeTarget;
			buildConfigurationList = C313EFE5197C8F300081231C /* Build configuration list for PBXNativeTarget "hunter-iOS" */;
			buildPhases = (
				C313EFAF197C8F300081231C /* Sources */,
				C313EFB0197C8F300081231C /* Frameworks */,
				C313EFB1197C8F300081231C /* Resources */,
			);
			buildRules = (
			);
			dependencies = (
			);
			name = "hunter-iOS";
			productName = "hunter-iOS";
			productReference = C313EFB3197C8F300081231C /* hunter-iOS.app */;
			productType = "com.apple.product-type.application";
		};
		C313EFD3197C8F300081231C /* hunter-iOSTests */ = {
			isa = PBXNativeTarget;
			buildConfigurationList = C313EFE8197C8F300081231C /* Build configuration list for PBXNativeTarget "hunter-iOSTests" */;
			buildPhases = (
				C313EFD0197C8F300081231C /* Sources */,
				C313EFD1197C8F300081231C /* Frameworks */,
				C313EFD2197C8F300081231C /* Resources */,
			);
			buildRules = (
			);
			dependencies = (
				C313EFDA197C8F300081231C /* PBXTargetDependency */,
			);
			name = "hunter-iOSTests";
			productName = "hunter-iOSTests";
			productReference = C313EFD4197C8F300081231C /* hunter-iOSTests.xctest */;
			productType = "com.apple.product-type.bundle.unit-test";
		};
/* End PBXNativeTarget section */

/* Begin PBXProject section */
		C313EFAB197C8F300081231C /* Project object */ = {
			isa = PBXProject;
			attributes = {
				CLASSPREFIX = Login;
				LastUpgradeCheck = 0510;
				ORGANIZATIONNAME = "Venkateswara Prasath Durairaj";
				TargetAttributes = {
					C313EFD3197C8F300081231C = {
						TestTargetID = C313EFB2197C8F300081231C;
					};
				};
			};
			buildConfigurationList = C313EFAE197C8F300081231C /* Build configuration list for PBXProject "hunter-iOS" */;
			compatibilityVersion = "Xcode 3.2";
			developmentRegion = English;
			hasScannedForEncodings = 0;
			knownRegions = (
				en,
				Base,
			);
			mainGroup = C313EFAA197C8F300081231C;
			productRefGroup = C313EFB4197C8F300081231C /* Products */;
			projectDirPath = "";
			projectRoot = "";
			targets = (
				C313EFB2197C8F300081231C /* hunter-iOS */,
				C313EFD3197C8F300081231C /* hunter-iOSTests */,
			);
		};
/* End PBXProject section */

/* Begin PBXResourcesBuildPhase section */
		C313EFB1197C8F300081231C /* Resources */ = {
			isa = PBXResourcesBuildPhase;
			buildActionMask = 2147483647;
			files = (
				C313EFCF197C8F300081231C /* Images.xcassets in Resources */,
				C313EFC1197C8F300081231C /* InfoPlist.strings in Resources */,
				C313EFCA197C8F300081231C /* Main.storyboard in Resources */,
			);
			runOnlyForDeploymentPostprocessing = 0;
		};
		C313EFD2197C8F300081231C /* Resources */ = {
			isa = PBXResourcesBuildPhase;
			buildActionMask = 2147483647;
			files = (
				C313EFE0197C8F300081231C /* InfoPlist.strings in Resources */,
			);
			runOnlyForDeploymentPostprocessing = 0;
		};
/* End PBXResourcesBuildPhase section */

/* Begin PBXSourcesBuildPhase section */
		C313EFAF197C8F300081231C /* Sources */ = {
			isa = PBXSourcesBuildPhase;
			buildActionMask = 2147483647;
			files = (
				C313EFC7197C8F300081231C /* LoginAppDelegate.m in Sources */,
				C313EFC3197C8F300081231C /* main.m in Sources */,
				C313EFCD197C8F300081231C /* LoginViewController.m in Sources */,
			);
			runOnlyForDeploymentPostprocessing = 0;
		};
		C313EFD0197C8F300081231C /* Sources */ = {
			isa = PBXSourcesBuildPhase;
			buildActionMask = 2147483647;
			files = (
				C313EFE2197C8F300081231C /* hunter_iOSTests.m in Sources */,
			);
			runOnlyForDeploymentPostprocessing = 0;
		};
/* End PBXSourcesBuildPhase section */

/* Begin PBXTargetDependency section */
		C313EFDA197C8F300081231C /* PBXTargetDependency */ = {
			isa = PBXTargetDependency;
			target = C313EFB2197C8F300081231C /* hunter-iOS */;
			targetProxy = C313EFD9197C8F300081231C /* PBXContainerItemProxy */;
		};
/* End PBXTargetDependency section */

/* Begin PBXVariantGroup section */
		C313EFBF197C8F300081231C /* InfoPlist.strings */ = {
			isa = PBXVariantGroup;
			children = (
				C313EFC0197C8F300081231C /* en */,
			);
			name = InfoPlist.strings;
			sourceTree = "<group>";
		};
		C313EFC8197C8F300081231C /* Main.storyboard */ = {
			isa = PBXVariantGroup;
			children = (
				C313EFC9197C8F300081231C /* Base */,
			);
			name = Main.storyboard;
			sourceTree = "<group>";
		};
		C313EFDE197C8F300081231C /* InfoPlist.strings */ = {
			isa = PBXVariantGroup;
			children = (
				C313EFDF197C8F300081231C /* en */,
			);
			name = InfoPlist.strings;
			sourceTree = "<group>";
		};
/* End PBXVariantGroup section */

/* Begin XCBuildConfiguration section */
		C313EFE3197C8F300081231C /* Debug */ = {
			isa = XCBuildConfiguration;
			buildSettings = {
				ALWAYS_SEARCH_USER_PATHS = NO;
				CLANG_CXX_LANGUAGE_STANDARD = "gnu++0x";
				CLANG_CXX_LIBRARY = "libc++";
				CLANG_ENABLE_MODULES = YES;
				CLANG_ENABLE_OBJC_ARC = YES;
				CLANG_WARN_BOOL_CONVERSION = YES;
				CLANG_WARN_CONSTANT_CONVERSION = YES;
				CLANG_WARN_DIRECT_OBJC_ISA_USAGE = YES_ERROR;
				CLANG_WARN_EMPTY_BODY = YES;
				CLANG_WARN_ENUM_CONVERSION = YES;
				CLANG_WARN_INT_CONVERSION = YES;
				CLANG_WARN_OBJC_ROOT_CLASS = YES_ERROR;
				CLANG_WARN__DUPLICATE_METHOD_MATCH = YES;
				"CODE_SIGN_IDENTITY[sdk=iphoneos*]" = "iPhone Developer";
				COPY_PHASE_STRIP = NO;
				GCC_C_LANGUAGE_STANDARD = gnu99;
				GCC_DYNAMIC_NO_PIC = NO;
				GCC_OPTIMIZATION_LEVEL = 0;
				GCC_PREPROCESSOR_DEFINITIONS = (
					"DEBUG=1",
					"$(inherited)",
				);
				GCC_SYMBOLS_PRIVATE_EXTERN = NO;
				GCC_WARN_64_TO_32_BIT_CONVERSION = YES;
				GCC_WARN_ABOUT_RETURN_TYPE = YES_ERROR;
				GCC_WARN_UNDECLARED_SELECTOR = YES;
				GCC_WARN_UNINITIALIZED_AUTOS = YES_AGGRESSIVE;
				GCC_WARN_UNUSED_FUNCTION = YES;
				GCC_WARN_UNUSED_VARIABLE = YES;
				IPHONEOS_DEPLOYMENT_TARGET = 7.1;
				ONLY_ACTIVE_ARCH = YES;
				SDKROOT = iphoneos;
			};
			name = Debug;
		};
		C313EFE4197C8F300081231C /* Release */ = {
			isa = XCBuildConfiguration;
			buildSettings = {
				ALWAYS_SEARCH_USER_PATHS = NO;
				CLANG_CXX_LANGUAGE_STANDARD = "gnu++0x";
				CLANG_CXX_LIBRARY = "libc++";
				CLANG_ENABLE_MODULES = YES;
				CLANG_ENABLE_OBJC_ARC = YES;
				CLANG_WARN_BOOL_CONVERSION = YES;
				CLANG_WARN_CONSTANT_CONVERSION = YES;
				CLANG_WARN_DIRECT_OBJC_ISA_USAGE = YES_ERROR;
				CLANG_WARN_EMPTY_BODY = YES;
				CLANG_WARN_ENUM_CONVERSION = YES;
				CLANG_WARN_INT_CONVERSION = YES;
				CLANG_WARN_OBJC_ROOT_CLASS = YES_ERROR;
				CLANG_WARN__DUPLICATE_METHOD_MATCH = YES;
				"CODE_SIGN_IDENTITY[sdk=iphoneos*]" = "iPhone Developer";
				COPY_PHASE_STRIP = YES;
				ENABLE_NS_ASSERTIONS = NO;
				GCC_C_LANGUAGE_STANDARD = gnu99;
				GCC_WARN_64_TO_32_BIT_CONVERSION = YES;
				GCC_WARN_ABOUT_RETURN_TYPE = YES_ERROR;
				GCC_WARN_UNDECLARED_SELECTOR = YES;
				GCC_WARN_UNINITIALIZED_AUTOS = YES_AGGRESSIVE;
				GCC_WARN_UNUSED_FUNCTION = YES;
				GCC_WARN_UNUSED_VARIABLE = YES;
				IPHONEOS_DEPLOYMENT_TARGET = 7.1;
				SDKROOT = iphoneos;
				VALIDATE_PRODUCT = YES;
			};
			name = Release;
		};
		C313EFE6197C8F300081231C /* Debug */ = {
			isa = XCBuildConfiguration;
			buildSettings = {
				ASSETCATALOG_COMPILER_APPICON_NAME = AppIcon;
				ASSETCATALOG_COMPILER_LAUNCHIMAGE_NAME = LaunchImage;
				GCC_PRECOMPILE_PREFIX_HEADER = YES;
				GCC_PREFIX_HEADER = "hunter-iOS/hunter-iOS-Prefix.pch";
				INFOPLIST_FILE = "hunter-iOS/hunter-iOS-Info.plist";
				PRODUCT_NAME = "$(TARGET_NAME)";
				WRAPPER_EXTENSION = app;
			};
			name = Debug;
		};
		C313EFE7197C8F300081231C /* Release */ = {
			isa = XCBuildConfiguration;
			buildSettings = {
				ASSETCATALOG_COMPILER_APPICON_NAME = AppIcon;
				ASSETCATALOG_COMPILER_LAUNCHIMAGE_NAME = LaunchImage;
				GCC_PRECOMPILE_PREFIX_HEADER = YES;
				GCC_PREFIX_HEADER = "hunter-iOS/hunter-iOS-Prefix.pch";
				INFOPLIST_FILE = "hunter-iOS/hunter-iOS-Info.plist";
				PRODUCT_NAME = "$(TARGET_NAME)";
				WRAPPER_EXTENSION = app;
			};
			name = Release;
		};
		C313EFE9197C8F300081231C /* Debug */ = {
			isa = XCBuildConfiguration;
			buildSettings = {
				BUNDLE_LOADER = "$(BUILT_PRODUCTS_DIR)/hunter-iOS.app/hunter-iOS";
				FRAMEWORK_SEARCH_PATHS = (
					"$(SDKROOT)/Developer/Library/Frameworks",
					"$(inherited)",
					"$(DEVELOPER_FRAMEWORKS_DIR)",
				);
				GCC_PRECOMPILE_PREFIX_HEADER = YES;
				GCC_PREFIX_HEADER = "hunter-iOS/hunter-iOS-Prefix.pch";
				GCC_PREPROCESSOR_DEFINITIONS = (
					"DEBUG=1",
					"$(inherited)",
				);
				INFOPLIST_FILE = "hunter-iOSTests/hunter-iOSTests-Info.plist";
				PRODUCT_NAME = "$(TARGET_NAME)";
				TEST_HOST = "$(BUNDLE_LOADER)";
				WRAPPER_EXTENSION = xctest;
			};
			name = Debug;
		};
		C313EFEA197C8F300081231C /* Release */ = {
			isa = XCBuildConfiguration;
			buildSettings = {
				BUNDLE_LOADER = "$(BUILT_PRODUCTS_DIR)/hunter-iOS.app/hunter-iOS";
				FRAMEWORK_SEARCH_PATHS = (
					"$(SDKROOT)/Developer/Library/Frameworks",
					"$(inherited)",
					"$(DEVELOPER_FRAMEWORKS_DIR)",
				);
				GCC_PRECOMPILE_PREFIX_HEADER = YES;
				GCC_PREFIX_HEADER = "hunter-iOS/hunter-iOS-Prefix.pch";
				INFOPLIST_FILE = "hunter-iOSTests/hunter-iOSTests-Info.plist";
				PRODUCT_NAME = "$(TARGET_NAME)";
				TEST_HOST = "$(BUNDLE_LOADER)";
				WRAPPER_EXTENSION = xctest;
			};
			name = Release;
		};
/* End XCBuildConfiguration section */

/* Begin XCConfigurationList section */
		C313EFAE197C8F300081231C /* Build configuration list for PBXProject "hunter-iOS" */ = {
			isa = XCConfigurationList;
			buildConfigurations = (
				C313EFE3197C8F300081231C /* Debug */,
				C313EFE4197C8F300081231C /* Release */,
			);
			defaultConfigurationIsVisible = 0;
			defaultConfigurationName = Release;
		};
		C313EFE5197C8F300081231C /* Build configuration list for PBXNativeTarget "hunter-iOS" */ = {
			isa = XCConfigurationList;
			buildConfigurations = (
				C313EFE6197C8F300081231C /* Debug */,
				C313EFE7197C8F300081231C /* Release */,
			);
			defaultConfigurationIsVisible = 0;
		};
		C313EFE8197C8F300081231C /* Build configuration list for PBXNativeTarget "hunter-iOSTests" */ = {
			isa = XCConfigurationList;
			buildConfigurations = (
				C313EFE9197C8F300081231C /* Debug */,
				C313EFEA197C8F300081231C /* Release */,
			);
			defaultConfigurationIsVisible = 0;
		};
/* End XCConfigurationList section */
	};
	rootObject = C313EFAB197C8F300081231C /* Project object */;
}
